{
  "name": "breghs",
  "lockfileVersion": 3,
  "requires": true,
  "packages": {
    "": {
      "dependencies": {
        "client": "file:.."
      }
    },
    "..": {
      "name": "client",
      "version": "0.4.0",
      "dependencies": {
        "@testing-library/jest-dom": "^5.17.0",
        "@testing-library/react": "^13.4.0",
        "@testing-library/user-event": "^13.5.0",
        "ajv": "^8.17.1",
        "ajv-keywords": "^5.0.0",
        "dotenv": "^16.4.7",
        "electron-updater": "^6.3.9",
        "react": "^18.2.0",
        "react-dom": "^18.2.0",
        "react-router-dom": "^7.1.2",
        "react-scripts": "^5.0.1",
        "web-vitals": "^2.1.4"
      },
      "devDependencies": {
        "electron": "^34.0.2",
        "electron-builder": "^25.1.8"
      }
    },
    "node_modules/client": {
      "resolved": "..",
      "link": true
    }
  }
}
